// !$*UTF8*$!
{
	archiveVersion = 1;
	classes = {
	};
	objectVersion = 46;
	objects = {

/* Begin PBXBuildFile section */
		7569F94614178271005CDC42 /* UIKit.framework in Frameworks */ = {isa = PBXBuildFile; fileRef = 7569F94514178271005CDC42 /* UIKit.framework */; };
		7569F94814178271005CDC42 /* Foundation.framework in Frameworks */ = {isa = PBXBuildFile; fileRef = 7569F94714178271005CDC42 /* Foundation.framework */; };
		7569F94A14178271005CDC42 /* CoreGraphics.framework in Frameworks */ = {isa = PBXBuildFile; fileRef = 7569F94914178271005CDC42 /* CoreGraphics.framework */; };
		7569F95014178271005CDC42 /* InfoPlist.strings in Resources */ = {isa = PBXBuildFile; fileRef = 7569F94E14178271005CDC42 /* InfoPlist.strings */; };
		7569F95214178271005CDC42 /* main.m in Sources */ = {isa = PBXBuildFile; fileRef = 7569F95114178271005CDC42 /* main.m */; };
		7569F95614178271005CDC42 /* HorizontalTablesAppDelegate.m in Sources */ = {isa = PBXBuildFile; fileRef = 7569F95514178271005CDC42 /* HorizontalTablesAppDelegate.m */; };
		7569F95A14178271005CDC42 /* HorizontalTablesAppDelegate_iPhone.m in Sources */ = {isa = PBXBuildFile; fileRef = 7569F95914178271005CDC42 /* HorizontalTablesAppDelegate_iPhone.m */; };
		7569F95D14178271005CDC42 /* MainWindow_iPhone.xib in Resources */ = {isa = PBXBuildFile; fileRef = 7569F95B14178271005CDC42 /* MainWindow_iPhone.xib */; };
		7569F96114178271005CDC42 /* HorizontalTablesAppDelegate_iPad.m in Sources */ = {isa = PBXBuildFile; fileRef = 7569F96014178271005CDC42 /* HorizontalTablesAppDelegate_iPad.m */; };
		7569F96414178271005CDC42 /* MainWindow_iPad.xib in Resources */ = {isa = PBXBuildFile; fileRef = 7569F96214178271005CDC42 /* MainWindow_iPad.xib */; };
/* End PBXBuildFile section */

/* Begin PBXFileReference section */
		7569F94114178271005CDC42 /* HorizontalTables.app */ = {isa = PBXFileReference; explicitFileType = wrapper.application; includeInIndex = 0; path = HorizontalTables.app; sourceTree = BUILT_PRODUCTS_DIR; };
		7569F94514178271005CDC42 /* UIKit.framework */ = {isa = PBXFileReference; lastKnownFileType = wrapper.framework; name = UIKit.framework; path = System/Library/Frameworks/UIKit.framework; sourceTree = SDKROOT; };
		7569F94714178271005CDC42 /* Foundation.framework */ = {isa = PBXFileReference; lastKnownFileType = wrapper.framework; name = Foundation.framework; path = System/Library/Frameworks/Foundation.framework; sourceTree = SDKROOT; };
		7569F94914178271005CDC42 /* CoreGraphics.framework */ = {isa = PBXFileReference; lastKnownFileType = wrapper.framework; name = CoreGraphics.framework; path = System/Library/Frameworks/CoreGraphics.framework; sourceTree = SDKROOT; };
		7569F94D14178271005CDC42 /* HorizontalTables-Info.plist */ = {isa = PBXFileReference; lastKnownFileType = text.plist.xml; path = "HorizontalTables-Info.plist"; sourceTree = "<group>"; };
		7569F94F14178271005CDC42 /* en */ = {isa = PBXFileReference; lastKnownFileType = text.plist.strings; name = en; path = en.lproj/InfoPlist.strings; sourceTree = "<group>"; };
		7569F95114178271005CDC42 /* main.m */ = {isa = PBXFileReference; lastKnownFileType = sourcecode.c.objc; path = main.m; sourceTree = "<group>"; };
		7569F95314178271005CDC42 /* HorizontalTables-Prefix.pch */ = {isa = PBXFileReference; lastKnownFileType = sourcecode.c.h; path = "HorizontalTables-Prefix.pch"; sourceTree = "<group>"; };
		7569F95414178271005CDC42 /* HorizontalTablesAppDelegate.h */ = {isa = PBXFileReference; lastKnownFileType = sourcecode.c.h; path = HorizontalTablesAppDelegate.h; sourceTree = "<group>"; };
		7569F95514178271005CDC42 /* HorizontalTablesAppDelegate.m */ = {isa = PBXFileReference; lastKnownFileType = sourcecode.c.objc; path = HorizontalTablesAppDelegate.m; sourceTree = "<group>"; };
		7569F95814178271005CDC42 /* HorizontalTablesAppDelegate_iPhone.h */ = {isa = PBXFileReference; lastKnownFileType = sourcecode.c.h; name = HorizontalTablesAppDelegate_iPhone.h; path = iPhone/HorizontalTablesAppDelegate_iPhone.h; sourceTree = "<group>"; };
		7569F95914178271005CDC42 /* HorizontalTablesAppDelegate_iPhone.m */ = {isa = PBXFileReference; lastKnownFileType = sourcecode.c.objc; name = HorizontalTablesAppDelegate_iPhone.m; path = iPhone/HorizontalTablesAppDelegate_iPhone.m; sourceTree = "<group>"; };
		7569F95C14178271005CDC42 /* en */ = {isa = PBXFileReference; lastKnownFileType = file.xib; name = en; path = iPhone/en.lproj/MainWindow_iPhone.xib; sourceTree = "<group>"; };
		7569F95F14178271005CDC42 /* HorizontalTablesAppDelegate_iPad.h */ = {isa = PBXFileReference; lastKnownFileType = sourcecode.c.h; name = HorizontalTablesAppDelegate_iPad.h; path = iPad/HorizontalTablesAppDelegate_iPad.h; sourceTree = "<group>"; };
		7569F96014178271005CDC42 /* HorizontalTablesAppDelegate_iPad.m */ = {isa = PBXFileReference; lastKnownFileType = sourcecode.c.objc; name = HorizontalTablesAppDelegate_iPad.m; path = iPad/HorizontalTablesAppDelegate_iPad.m; sourceTree = "<group>"; };
		7569F96314178271005CDC42 /* en */ = {isa = PBXFileReference; lastKnownFileType = file.xib; name = en; path = iPad/en.lproj/MainWindow_iPad.xib; sourceTree = "<group>"; };
/* End PBXFileReference section */

/* Begin PBXFrameworksBuildPhase section */
		7569F93E14178271005CDC42 /* Frameworks */ = {
			isa = PBXFrameworksBuildPhase;
			buildActionMask = 2147483647;
			files = (
				7569F94614178271005CDC42 /* UIKit.framework in Frameworks */,
				7569F94814178271005CDC42 /* Foundation.framework in Frameworks */,
				7569F94A14178271005CDC42 /* CoreGraphics.framework in Frameworks */,
			);
			runOnlyForDeploymentPostprocessing = 0;
		};
/* End PBXFrameworksBuildPhase section */

/* Begin PBXGroup section */
		75577C59141789B3002F8A01 /* NIBs */ = {
			isa = PBXGroup;
			children = (
				7569F95B14178271005CDC42 /* MainWindow_iPhone.xib */,
			);
			name = NIBs;
			path = ..;
			sourceTree = "<group>";
		};
		75577C5B141789D6002F8A01 /* Images */ = {
			isa = PBXGroup;
			children = (
			);
			name = Images;
			sourceTree = "<group>";
		};
		75577C5C141789EC002F8A01 /* Images */ = {
			isa = PBXGroup;
			children = (
			);
			name = Images;
			sourceTree = "<group>";
		};
		75577C5D141789F9002F8A01 /* NIBs */ = {
			isa = PBXGroup;
			children = (
				7569F96214178271005CDC42 /* MainWindow_iPad.xib */,
			);
			name = NIBs;
			sourceTree = "<group>";
		};
		7569F93614178270005CDC42 = {
			isa = PBXGroup;
			children = (
				7569F94B14178271005CDC42 /* HorizontalTables */,
				7569F94414178271005CDC42 /* Frameworks */,
				7569F94214178271005CDC42 /* Products */,
			);
			sourceTree = "<group>";
		};
		7569F94214178271005CDC42 /* Products */ = {
			isa = PBXGroup;
			children = (
				7569F94114178271005CDC42 /* HorizontalTables.app */,
			);
			name = Products;
			sourceTree = "<group>";
		};
		7569F94414178271005CDC42 /* Frameworks */ = {
			isa = PBXGroup;
			children = (
				7569F94514178271005CDC42 /* UIKit.framework */,
				7569F94714178271005CDC42 /* Foundation.framework */,
				7569F94914178271005CDC42 /* CoreGraphics.framework */,
			);
			name = Frameworks;
			sourceTree = "<group>";
		};
		7569F94B14178271005CDC42 /* HorizontalTables */ = {
			isa = PBXGroup;
			children = (
				7569F95414178271005CDC42 /* HorizontalTablesAppDelegate.h */,
				7569F95514178271005CDC42 /* HorizontalTablesAppDelegate.m */,
				7569F95714178271005CDC42 /* iPhone */,
				7569F95E14178271005CDC42 /* iPad */,
				7569F94C14178271005CDC42 /* Supporting Files */,
			);
			path = HorizontalTables;
			sourceTree = "<group>";
		};
		7569F94C14178271005CDC42 /* Supporting Files */ = {
			isa = PBXGroup;
			children = (
				7569F94D14178271005CDC42 /* HorizontalTables-Info.plist */,
				7569F94E14178271005CDC42 /* InfoPlist.strings */,
				7569F95114178271005CDC42 /* main.m */,
				7569F95314178271005CDC42 /* HorizontalTables-Prefix.pch */,
			);
			name = "Supporting Files";
			sourceTree = "<group>";
		};
		7569F95714178271005CDC42 /* iPhone */ = {
			isa = PBXGroup;
			children = (
				75577C5B141789D6002F8A01 /* Images */,
				75577C59141789B3002F8A01 /* NIBs */,
				7569F95814178271005CDC42 /* HorizontalTablesAppDelegate_iPhone.h */,
				7569F95914178271005CDC42 /* HorizontalTablesAppDelegate_iPhone.m */,
			);
			name = iPhone;
			sourceTree = "<group>";
		};
		7569F95E14178271005CDC42 /* iPad */ = {
			isa = PBXGroup;
			children = (
				75577C5D141789F9002F8A01 /* NIBs */,
				75577C5C141789EC002F8A01 /* Images */,
				7569F95F14178271005CDC42 /* HorizontalTablesAppDelegate_iPad.h */,
				7569F96014178271005CDC42 /* HorizontalTablesAppDelegate_iPad.m */,
			);
			name = iPad;
			sourceTree = "<group>";
		};
/* End PBXGroup section */

/* Begin PBXNativeTarget section */
		7569F94014178271005CDC42 /* HorizontalTables */ = {
			isa = PBXNativeTarget;
			buildConfigurationList = 7569F96714178271005CDC42 /* Build configuration list for PBXNativeTarget "HorizontalTables" */;
			buildPhases = (
				7569F93D14178271005CDC42 /* Sources */,
				7569F93E14178271005CDC42 /* Frameworks */,
				7569F93F14178271005CDC42 /* Resources */,
			);
			buildRules = (
			);
			dependencies = (
			);
			name = HorizontalTables;
			productName = HorizontalTables;
			productReference = 7569F94114178271005CDC42 /* HorizontalTables.app */;
			productType = "com.apple.product-type.application";
		};
/* End PBXNativeTarget section */

/* Begin PBXProject section */
		7569F93814178270005CDC42 /* Project object */ = {
			isa = PBXProject;
			attributes = {
				ORGANIZATIONNAME = arconsis;
			};
			buildConfigurationList = 7569F93B14178270005CDC42 /* Build configuration list for PBXProject "HorizontalTables" */;
			compatibilityVersion = "Xcode 3.2";
			developmentRegion = English;
			hasScannedForEncodings = 0;
			knownRegions = (
				en,
			);
			mainGroup = 7569F93614178270005CDC42;
			productRefGroup = 7569F94214178271005CDC42 /* Products */;
			projectDirPath = "";
			projectRoot = "";
			targets = (
				7569F94014178271005CDC42 /* HorizontalTables */,
			);
		};
/* End PBXProject section */

/* Begin PBXResourcesBuildPhase section */
		7569F93F14178271005CDC42 /* Resources */ = {
			isa = PBXResourcesBuildPhase;
			buildActionMask = 2147483647;
			files = (
				7569F95014178271005CDC42 /* InfoPlist.strings in Resources */,
				7569F95D14178271005CDC42 /* MainWindow_iPhone.xib in Resources */,
				7569F96414178271005CDC42 /* MainWindow_iPad.xib in Resources */,
			);
			runOnlyForDeploymentPostprocessing = 0;
		};
/* End PBXResourcesBuildPhase section */

/* Begin PBXSourcesBuildPhase section */
		7569F93D14178271005CDC42 /* Sources */ = {
			isa = PBXSourcesBuildPhase;
			buildActionMask = 2147483647;
			files = (
				7569F95214178271005CDC42 /* main.m in Sources */,
				7569F95614178271005CDC42 /* HorizontalTablesAppDelegate.m in Sources */,
				7569F95A14178271005CDC42 /* HorizontalTablesAppDelegate_iPhone.m in Sources */,
				7569F96114178271005CDC42 /* HorizontalTablesAppDelegate_iPad.m in Sources */,
			);
			runOnlyForDeploymentPostprocessing = 0;
		};
/* End PBXSourcesBuildPhase section */

/* Begin PBXVariantGroup section */
		7569F94E14178271005CDC42 /* InfoPlist.strings */ = {
			isa = PBXVariantGroup;
			children = (
				7569F94F14178271005CDC42 /* en */,
			);
			name = InfoPlist.strings;
			sourceTree = "<group>";
		};
		7569F95B14178271005CDC42 /* MainWindow_iPhone.xib */ = {
			isa = PBXVariantGroup;
			children = (
				7569F95C14178271005CDC42 /* en */,
			);
			name = MainWindow_iPhone.xib;
			path = HorizontalTables;
			sourceTree = "<group>";
		};
		7569F96214178271005CDC42 /* MainWindow_iPad.xib */ = {
			isa = PBXVariantGroup;
			children = (
				7569F96314178271005CDC42 /* en */,
			);
			name = MainWindow_iPad.xib;
			sourceTree = "<group>";
		};
/* End PBXVariantGroup section */

/* Begin XCBuildConfiguration section */
		7569F96514178271005CDC42 /* Debug */ = {
			isa = XCBuildConfiguration;
			buildSettings = {
				ALWAYS_SEARCH_USER_PATHS = NO;
				ARCHS = "$(ARCHS_STANDARD_32_BIT)";
				"CODE_SIGN_IDENTITY[sdk=iphoneos*]" = "iPhone Developer";
				COPY_PHASE_STRIP = NO;
				GCC_C_LANGUAGE_STANDARD = gnu99;
				GCC_DYNAMIC_NO_PIC = NO;
				GCC_OPTIMIZATION_LEVEL = 0;
				GCC_PREPROCESSOR_DEFINITIONS = (
					"DEBUG=1",
					"$(inherited)",
				);
				GCC_SYMBOLS_PRIVATE_EXTERN = NO;
				GCC_VERSION = com.apple.compilers.llvmgcc42;
				GCC_WARN_ABOUT_MISSING_PROTOTYPES = YES;
				GCC_WARN_ABOUT_RETURN_TYPE = YES;
				GCC_WARN_UNUSED_VARIABLE = YES;
				IPHONEOS_DEPLOYMENT_TARGET = 4.3;
				SDKROOT = iphoneos;
				TARGETED_DEVICE_FAMILY = "1,2";
			};
			name = Debug;
		};
		7569F96614178271005CDC42 /* Release */ = {
			isa = XCBuildConfiguration;
			buildSettings = {
				ALWAYS_SEARCH_USER_PATHS = NO;
				ARCHS = "$(ARCHS_STANDARD_32_BIT)";
				"CODE_SIGN_IDENTITY[sdk=iphoneos*]" = "iPhone Developer";
				COPY_PHASE_STRIP = YES;
				GCC_C_LANGUAGE_STANDARD = gnu99;
				GCC_VERSION = com.apple.compilers.llvmgcc42;
				GCC_WARN_ABOUT_MISSING_PROTOTYPES = YES;
				GCC_WARN_ABOUT_RETURN_TYPE = YES;
				GCC_WARN_UNUSED_VARIABLE = YES;
				IPHONEOS_DEPLOYMENT_TARGET = 4.3;
				OTHER_CFLAGS = "-DNS_BLOCK_ASSERTIONS=1";
				SDKROOT = iphoneos;
				TARGETED_DEVICE_FAMILY = "1,2";
				VALIDATE_PRODUCT = YES;
			};
			name = Release;
		};
		7569F96814178271005CDC42 /* Debug */ = {
			isa = XCBuildConfiguration;
			buildSettings = {
				GCC_PRECOMPILE_PREFIX_HEADER = YES;
				GCC_PREFIX_HEADER = "HorizontalTables/HorizontalTables-Prefix.pch";
				INFOPLIST_FILE = "HorizontalTables/HorizontalTables-Info.plist";
				PRODUCT_NAME = "$(TARGET_NAME)";
				WRAPPER_EXTENSION = app;
			};
			name = Debug;
		};
		7569F96914178271005CDC42 /* Release */ = {
			isa = XCBuildConfiguration;
			buildSettings = {
				GCC_PRECOMPILE_PREFIX_HEADER = YES;
				GCC_PREFIX_HEADER = "HorizontalTables/HorizontalTables-Prefix.pch";
				INFOPLIST_FILE = "HorizontalTables/HorizontalTables-Info.plist";
				PRODUCT_NAME = "$(TARGET_NAME)";
				WRAPPER_EXTENSION = app;
			};
			name = Release;
		};
/* End XCBuildConfiguration section */

/* Begin XCConfigurationList section */
		7569F93B14178270005CDC42 /* Build configuration list for PBXProject "HorizontalTables" */ = {
			isa = XCConfigurationList;
			buildConfigurations = (
				7569F96514178271005CDC42 /* Debug */,
				7569F96614178271005CDC42 /* Release */,
			);
			defaultConfigurationIsVisible = 0;
			defaultConfigurationName = Release;
		};
		7569F96714178271005CDC42 /* Build configuration list for PBXNativeTarget "HorizontalTables" */ = {
			isa = XCConfigurationList;
			buildConfigurations = (
				7569F96814178271005CDC42 /* Debug */,
				7569F96914178271005CDC42 /* Release */,
			);
			defaultConfigurationIsVisible = 0;
			defaultConfigurationName = Release;
		};
/* End XCConfigurationList section */
	};
	rootObject = 7569F93814178270005CDC42 /* Project object */;
}
